
Microsoft Visual Studio Solution File, Format Version 12.00
# Visual Studio Version 17
VisualStudioVersion = 17.5.002.0
MinimumVisualStudioVersion = 10.0.40219.1
Project("{9A19103F-16F7-4668-BE54-9A1E7A4F7556}") = "NET", "NET.csproj", "{314274FC-F9EF-4E15-A9C2-0958403C554C}"
EndProject
Global
	GlobalSection(SolutionConfigurationPlatforms) = preSolution
		Debug|Any CPU = Debug|Any CPU
		Release|Any CPU = Release|Any CPU
	EndGlobalSection
	GlobalSection(ProjectConfigurationPlatforms) = postSolution
		{314274FC-F9EF-4E15-A9C2-0958403C554C}.Debug|Any CPU.ActiveCfg = Debug|Any CPU
		{314274FC-F9EF-4E15-A9C2-0958403C554C}.Debug|Any CPU.Build.0 = Debug|Any CPU
		{314274FC-F9EF-4E15-A9C2-0958403C554C}.Release|Any CPU.ActiveCfg = Release|Any CPU
		{314274FC-F9EF-4E15-A9C2-0958403C554C}.Release|Any CPU.Build.0 = Release|Any CPU
	EndGlobalSection
	GlobalSection(SolutionProperties) = preSolution
		HideSolutionNode = FALSE
	EndGlobalSection
	GlobalSection(ExtensibilityGlobals) = postSolution
		SolutionGuid = {23E5CB72-8612-4879-87E1-76F6B5B1C100}
	EndGlobalSection
EndGlobal
